// !$*UTF8*$!
{
	archiveVersion = 1;
	classes = {
	};
	objectVersion = 46;
	objects = {

/* Begin PBXBuildFile section */
		DA2F87CF1F6637EA00DF96BE /* AppDelegate.swift in Sources */ = {isa = PBXBuildFile; fileRef = DA2F87CE1F6637EA00DF96BE /* AppDelegate.swift */; };
		DA2F87D11F6637EA00DF96BE /* ViewController.swift in Sources */ = {isa = PBXBuildFile; fileRef = DA2F87D01F6637EA00DF96BE /* ViewController.swift */; };
		DA2F87D41F6637EA00DF96BE /* Main.storyboard in Resources */ = {isa = PBXBuildFile; fileRef = DA2F87D21F6637EA00DF96BE /* Main.storyboard */; };
		DA2F87D61F6637EA00DF96BE /* Assets.xcassets in Resources */ = {isa = PBXBuildFile; fileRef = DA2F87D51F6637EA00DF96BE /* Assets.xcassets */; };
		DA2F87D91F6637EA00DF96BE /* LaunchScreen.storyboard in Resources */ = {isa = PBXBuildFile; fileRef = DA2F87D71F6637EA00DF96BE /* LaunchScreen.storyboard */; };
		DA2F87E41F6637EA00DF96BE /* UIDynamicsDemoSwiftTests.swift in Sources */ = {isa = PBXBuildFile; fileRef = DA2F87E31F6637EA00DF96BE /* UIDynamicsDemoSwiftTests.swift */; };
		DA2F87EF1F6637EA00DF96BE /* UIDynamicsDemoSwiftUITests.swift in Sources */ = {isa = PBXBuildFile; fileRef = DA2F87EE1F6637EA00DF96BE /* UIDynamicsDemoSwiftUITests.swift */; };
		DA2F87FD1F66381400DF96BE /* BallView.swift in Sources */ = {isa = PBXBuildFile; fileRef = DA2F87FC1F66381400DF96BE /* BallView.swift */; };
/* End PBXBuildFile section */

/* Begin PBXContainerItemProxy section */
		DA2F87E01F6637EA00DF96BE /* PBXContainerItemProxy */ = {
			isa = PBXContainerItemProxy;
			containerPortal = DA2F87C31F6637EA00DF96BE /* Project object */;
			proxyType = 1;
			remoteGlobalIDString = DA2F87CA1F6637EA00DF96BE;
			remoteInfo = UIDynamicsDemoSwift;
		};
		DA2F87EB1F6637EA00DF96BE /* PBXContainerItemProxy */ = {
			isa = PBXContainerItemProxy;
			containerPortal = DA2F87C31F6637EA00DF96BE /* Project object */;
			proxyType = 1;
			remoteGlobalIDString = DA2F87CA1F6637EA00DF96BE;
			remoteInfo = UIDynamicsDemoSwift;
		};
/* End PBXContainerItemProxy section */

/* Begin PBXFileReference section */
		DA2F87CB1F6637EA00DF96BE /* UIDynamicsDemoSwift.app */ = {isa = PBXFileReference; explicitFileType = wrapper.application; includeInIndex = 0; path = UIDynamicsDemoSwift.app; sourceTree = BUILT_PRODUCTS_DIR; };
		DA2F87CE1F6637EA00DF96BE /* AppDelegate.swift */ = {isa = PBXFileReference; lastKnownFileType = sourcecode.swift; path = AppDelegate.swift; sourceTree = "<group>"; };
		DA2F87D01F6637EA00DF96BE /* ViewController.swift */ = {isa = PBXFileReference; lastKnownFileType = sourcecode.swift; path = ViewController.swift; sourceTree = "<group>"; };
		DA2F87D31F6637EA00DF96BE /* Base */ = {isa = PBXFileReference; lastKnownFileType = file.storyboard; name = Base; path = Base.lproj/Main.storyboard; sourceTree = "<group>"; };
		DA2F87D51F6637EA00DF96BE /* Assets.xcassets */ = {isa = PBXFileReference; lastKnownFileType = folder.assetcatalog; path = Assets.xcassets; sourceTree = "<group>"; };
		DA2F87D81F6637EA00DF96BE /* Base */ = {isa = PBXFileReference; lastKnownFileType = file.storyboard; name = Base; path = Base.lproj/LaunchScreen.storyboard; sourceTree = "<group>"; };
		DA2F87DA1F6637EA00DF96BE /* Info.plist */ = {isa = PBXFileReference; lastKnownFileType = text.plist.xml; path = Info.plist; sourceTree = "<group>"; };
		DA2F87DF1F6637EA00DF96BE /* UIDynamicsDemoSwiftTests.xctest */ = {isa = PBXFileReference; explicitFileType = wrapper.cfbundle; includeInIndex = 0; path = UIDynamicsDemoSwiftTests.xctest; sourceTree = BUILT_PRODUCTS_DIR; };
		DA2F87E31F6637EA00DF96BE /* UIDynamicsDemoSwiftTests.swift */ = {isa = PBXFileReference; lastKnownFileType = sourcecode.swift; path = UIDynamicsDemoSwiftTests.swift; sourceTree = "<group>"; };
		DA2F87E51F6637EA00DF96BE /* Info.plist */ = {isa = PBXFileReference; lastKnownFileType = text.plist.xml; path = Info.plist; sourceTree = "<group>"; };
		DA2F87EA1F6637EA00DF96BE /* UIDynamicsDemoSwiftUITests.xctest */ = {isa = PBXFileReference; explicitFileType = wrapper.cfbundle; includeInIndex = 0; path = UIDynamicsDemoSwiftUITests.xctest; sourceTree = BUILT_PRODUCTS_DIR; };
		DA2F87EE1F6637EA00DF96BE /* UIDynamicsDemoSwiftUITests.swift */ = {isa = PBXFileReference; lastKnownFileType = sourcecode.swift; path = UIDynamicsDemoSwiftUITests.swift; sourceTree = "<group>"; };
		DA2F87F01F6637EA00DF96BE /* Info.plist */ = {isa = PBXFileReference; lastKnownFileType = text.plist.xml; path = Info.plist; sourceTree = "<group>"; };
		DA2F87FC1F66381400DF96BE /* BallView.swift */ = {isa = PBXFileReference; fileEncoding = 4; lastKnownFileType = sourcecode.swift; path = BallView.swift; sourceTree = "<group>"; };
/* End PBXFileReference section */

/* Begin PBXFrameworksBuildPhase section */
		DA2F87C81F6637EA00DF96BE /* Frameworks */ = {
			isa = PBXFrameworksBuildPhase;
			buildActionMask = 2147483647;
			files = (
			);
			runOnlyForDeploymentPostprocessing = 0;
		};
		DA2F87DC1F6637EA00DF96BE /* Frameworks */ = {
			isa = PBXFrameworksBuildPhase;
			buildActionMask = 2147483647;
			files = (
			);
			runOnlyForDeploymentPostprocessing = 0;
		};
		DA2F87E71F6637EA00DF96BE /* Frameworks */ = {
			isa = PBXFrameworksBuildPhase;
			buildActionMask = 2147483647;
			files = (
			);
			runOnlyForDeploymentPostprocessing = 0;
		};
/* End PBXFrameworksBuildPhase section */

/* Begin PBXGroup section */
		DA2F87C21F6637EA00DF96BE = {
			isa = PBXGroup;
			children = (
				DA2F87CD1F6637EA00DF96BE /* UIDynamicsDemoSwift */,
				DA2F87E21F6637EA00DF96BE /* UIDynamicsDemoSwiftTests */,
				DA2F87ED1F6637EA00DF96BE /* UIDynamicsDemoSwiftUITests */,
				DA2F87CC1F6637EA00DF96BE /* Products */,
			);
			sourceTree = "<group>";
		};
		DA2F87CC1F6637EA00DF96BE /* Products */ = {
			isa = PBXGroup;
			children = (
				DA2F87CB1F6637EA00DF96BE /* UIDynamicsDemoSwift.app */,
				DA2F87DF1F6637EA00DF96BE /* UIDynamicsDemoSwiftTests.xctest */,
				DA2F87EA1F6637EA00DF96BE /* UIDynamicsDemoSwiftUITests.xctest */,
			);
			name = Products;
			sourceTree = "<group>";
		};
		DA2F87CD1F6637EA00DF96BE /* UIDynamicsDemoSwift */ = {
			isa = PBXGroup;
			children = (
				DA2F87CE1F6637EA00DF96BE /* AppDelegate.swift */,
				DA2F87D01F6637EA00DF96BE /* ViewController.swift */,
				DA2F87FC1F66381400DF96BE /* BallView.swift */,
				DA2F87D21F6637EA00DF96BE /* Main.storyboard */,
				DA2F87D51F6637EA00DF96BE /* Assets.xcassets */,
				DA2F87D71F6637EA00DF96BE /* LaunchScreen.storyboard */,
				DA2F87DA1F6637EA00DF96BE /* Info.plist */,
			);
			path = UIDynamicsDemoSwift;
			sourceTree = "<group>";
		};
		DA2F87E21F6637EA00DF96BE /* UIDynamicsDemoSwiftTests */ = {
			isa = PBXGroup;
			children = (
				DA2F87E31F6637EA00DF96BE /* UIDynamicsDemoSwiftTests.swift */,
				DA2F87E51F6637EA00DF96BE /* Info.plist */,
			);
			path = UIDynamicsDemoSwiftTests;
			sourceTree = "<group>";
		};
		DA2F87ED1F6637EA00DF96BE /* UIDynamicsDemoSwiftUITests */ = {
			isa = PBXGroup;
			children = (
				DA2F87EE1F6637EA00DF96BE /* UIDynamicsDemoSwiftUITests.swift */,
				DA2F87F01F6637EA00DF96BE /* Info.plist */,
			);
			path = UIDynamicsDemoSwiftUITests;
			sourceTree = "<group>";
		};
/* End PBXGroup section */

/* Begin PBXNativeTarget section */
		DA2F87CA1F6637EA00DF96BE /* UIDynamicsDemoSwift */ = {
			isa = PBXNativeTarget;
			buildConfigurationList = DA2F87F31F6637EA00DF96BE /* Build configuration list for PBXNativeTarget "UIDynamicsDemoSwift" */;
			buildPhases = (
				DA2F87C71F6637EA00DF96BE /* Sources */,
				DA2F87C81F6637EA00DF96BE /* Frameworks */,
				DA2F87C91F6637EA00DF96BE /* Resources */,
			);
			buildRules = (
			);
			dependencies = (
			);
			name = UIDynamicsDemoSwift;
			productName = UIDynamicsDemoSwift;
			productReference = DA2F87CB1F6637EA00DF96BE /* UIDynamicsDemoSwift.app */;
			productType = "com.apple.product-type.application";
		};
		DA2F87DE1F6637EA00DF96BE /* UIDynamicsDemoSwiftTests */ = {
			isa = PBXNativeTarget;
			buildConfigurationList = DA2F87F61F6637EA00DF96BE /* Build configuration list for PBXNativeTarget "UIDynamicsDemoSwiftTests" */;
			buildPhases = (
				DA2F87DB1F6637EA00DF96BE /* Sources */,
				DA2F87DC1F6637EA00DF96BE /* Frameworks */,
				DA2F87DD1F6637EA00DF96BE /* Resources */,
			);
			buildRules = (
			);
			dependencies = (
				DA2F87E11F6637EA00DF96BE /* PBXTargetDependency */,
			);
			name = UIDynamicsDemoSwiftTests;
			productName = UIDynamicsDemoSwiftTests;
			productReference = DA2F87DF1F6637EA00DF96BE /* UIDynamicsDemoSwiftTests.xctest */;
			productType = "com.apple.product-type.bundle.unit-test";
		};
		DA2F87E91F6637EA00DF96BE /* UIDynamicsDemoSwiftUITests */ = {
			isa = PBXNativeTarget;
			buildConfigurationList = DA2F87F91F6637EA00DF96BE /* Build configuration list for PBXNativeTarget "UIDynamicsDemoSwiftUITests" */;
			buildPhases = (
				DA2F87E61F6637EA00DF96BE /* Sources */,
				DA2F87E71F6637EA00DF96BE /* Frameworks */,
				DA2F87E81F6637EA00DF96BE /* Resources */,
			);
			buildRules = (
			);
			dependencies = (
				DA2F87EC1F6637EA00DF96BE /* PBXTargetDependency */,
			);
			name = UIDynamicsDemoSwiftUITests;
			productName = UIDynamicsDemoSwiftUITests;
			productReference = DA2F87EA1F6637EA00DF96BE /* UIDynamicsDemoSwiftUITests.xctest */;
			productType = "com.apple.product-type.bundle.ui-testing";
		};
/* End PBXNativeTarget section */

/* Begin PBXProject section */
		DA2F87C31F6637EA00DF96BE /* Project object */ = {
			isa = PBXProject;
			attributes = {
				LastSwiftUpdateCheck = 0830;
				LastUpgradeCheck = 0830;
				ORGANIZATIONNAME = "xiwang wang";
				TargetAttributes = {
					DA2F87CA1F6637EA00DF96BE = {
						CreatedOnToolsVersion = 8.3.3;
						DevelopmentTeam = MDRU2J8RZG;
						ProvisioningStyle = Automatic;
					};
					DA2F87DE1F6637EA00DF96BE = {
						CreatedOnToolsVersion = 8.3.3;
						DevelopmentTeam = MDRU2J8RZG;
						ProvisioningStyle = Automatic;
						TestTargetID = DA2F87CA1F6637EA00DF96BE;
					};
					DA2F87E91F6637EA00DF96BE = {
						CreatedOnToolsVersion = 8.3.3;
						DevelopmentTeam = MDRU2J8RZG;
						ProvisioningStyle = Automatic;
						TestTargetID = DA2F87CA1F6637EA00DF96BE;
					};
				};
			};
			buildConfigurationList = DA2F87C61F6637EA00DF96BE /* Build configuration list for PBXProject "UIDynamicsDemoSwift" */;
			compatibilityVersion = "Xcode 3.2";
			developmentRegion = English;
			hasScannedForEncodings = 0;
			knownRegions = (
				en,
				Base,
			);
			mainGroup = DA2F87C21F6637EA00DF96BE;
			productRefGroup = DA2F87CC1F6637EA00DF96BE /* Products */;
			projectDirPath = "";
			projectRoot = "";
			targets = (
				DA2F87CA1F6637EA00DF96BE /* UIDynamicsDemoSwift */,
				DA2F87DE1F6637EA00DF96BE /* UIDynamicsDemoSwiftTests */,
				DA2F87E91F6637EA00DF96BE /* UIDynamicsDemoSwiftUITests */,
			);
		};
/* End PBXProject section */

/* Begin PBXResourcesBuildPhase section */
		DA2F87C91F6637EA00DF96BE /* Resources */ = {
			isa = PBXResourcesBuildPhase;
			buildActionMask = 2147483647;
			files = (
				DA2F87D91F6637EA00DF96BE /* LaunchScreen.storyboard in Resources */,
				DA2F87D61F6637EA00DF96BE /* Assets.xcassets in Resources */,
				DA2F87D41F6637EA00DF96BE /* Main.storyboard in Resources */,
			);
			runOnlyForDeploymentPostprocessing = 0;
		};
		DA2F87DD1F6637EA00DF96BE /* Resources */ = {
			isa = PBXResourcesBuildPhase;
			buildActionMask = 2147483647;
			files = (
			);
			runOnlyForDeploymentPostprocessing = 0;
		};
		DA2F87E81F6637EA00DF96BE /* Resources */ = {
			isa = PBXResourcesBuildPhase;
			buildActionMask = 2147483647;
			files = (
			);
			runOnlyForDeploymentPostprocessing = 0;
		};
/* End PBXResourcesBuildPhase section */

/* Begin PBXSourcesBuildPhase section */
		DA2F87C71F6637EA00DF96BE /* Sources */ = {
			isa = PBXSourcesBuildPhase;
			buildActionMask = 2147483647;
			files = (
				DA2F87FD1F66381400DF96BE /* BallView.swift in Sources */,
				DA2F87D11F6637EA00DF96BE /* ViewController.swift in Sources */,
				DA2F87CF1F6637EA00DF96BE /* AppDelegate.swift in Sources */,
			);
			runOnlyForDeploymentPostprocessing = 0;
		};
		DA2F87DB1F6637EA00DF96BE /* Sources */ = {
			isa = PBXSourcesBuildPhase;
			buildActionMask = 2147483647;
			files = (
				DA2F87E41F6637EA00DF96BE /* UIDynamicsDemoSwiftTests.swift in Sources */,
			);
			runOnlyForDeploymentPostprocessing = 0;
		};
		DA2F87E61F6637EA00DF96BE /* Sources */ = {
			isa = PBXSourcesBuildPhase;
			buildActionMask = 2147483647;
			files = (
				DA2F87EF1F6637EA00DF96BE /* UIDynamicsDemoSwiftUITests.swift in Sources */,
			);
			runOnlyForDeploymentPostprocessing = 0;
		};
/* End PBXSourcesBuildPhase section */

/* Begin PBXTargetDependency section */
		DA2F87E11F6637EA00DF96BE /* PBXTargetDependency */ = {
			isa = PBXTargetDependency;
			target = DA2F87CA1F6637EA00DF96BE /* UIDynamicsDemoSwift */;
			targetProxy = DA2F87E01F6637EA00DF96BE /* PBXContainerItemProxy */;
		};
		DA2F87EC1F6637EA00DF96BE /* PBXTargetDependency */ = {
			isa = PBXTargetDependency;
			target = DA2F87CA1F6637EA00DF96BE /* UIDynamicsDemoSwift */;
			targetProxy = DA2F87EB1F6637EA00DF96BE /* PBXContainerItemProxy */;
		};
/* End PBXTargetDependency section */

/* Begin PBXVariantGroup section */
		DA2F87D21F6637EA00DF96BE /* Main.storyboard */ = {
			isa = PBXVariantGroup;
			children = (
				DA2F87D31F6637EA00DF96BE /* Base */,
			);
			name = Main.storyboard;
			sourceTree = "<group>";
		};
		DA2F87D71F6637EA00DF96BE /* LaunchScreen.storyboard */ = {
			isa = PBXVariantGroup;
			children = (
				DA2F87D81F6637EA00DF96BE /* Base */,
			);
			name = LaunchScreen.storyboard;
			sourceTree = "<group>";
		};
/* End PBXVariantGroup section */

/* Begin XCBuildConfiguration section */
		DA2F87F11F6637EA00DF96BE /* Debug */ = {
			isa = XCBuildConfiguration;
			buildSettings = {
				ALWAYS_SEARCH_USER_PATHS = NO;
				CLANG_ANALYZER_NONNULL = YES;
				CLANG_ANALYZER_NUMBER_OBJECT_CONVERSION = YES_AGGRESSIVE;
				CLANG_CXX_LANGUAGE_STANDARD = "gnu++0x";
				CLANG_CXX_LIBRARY = "libc++";
				CLANG_ENABLE_MODULES = YES;
				CLANG_ENABLE_OBJC_ARC = YES;
				CLANG_WARN_BOOL_CONVERSION = YES;
				CLANG_WARN_CONSTANT_CONVERSION = YES;
				CLANG_WARN_DIRECT_OBJC_ISA_USAGE = YES_ERROR;
				CLANG_WARN_DOCUMENTATION_COMMENTS = YES;
				CLANG_WARN_EMPTY_BODY = YES;
				CLANG_WARN_ENUM_CONVERSION = YES;
				CLANG_WARN_INFINITE_RECURSION = YES;
				CLANG_WARN_INT_CONVERSION = YES;
				CLANG_WARN_OBJC_ROOT_CLASS = YES_ERROR;
				CLANG_WARN_SUSPICIOUS_MOVE = YES;
				CLANG_WARN_UNREACHABLE_CODE = YES;
				CLANG_WARN__DUPLICATE_METHOD_MATCH = YES;
				"CODE_SIGN_IDENTITY[sdk=iphoneos*]" = "iPhone Developer";
				COPY_PHASE_STRIP = NO;
				DEBUG_INFORMATION_FORMAT = dwarf;
				ENABLE_STRICT_OBJC_MSGSEND = YES;
				ENABLE_TESTABILITY = YES;
				GCC_C_LANGUAGE_STANDARD = gnu99;
				GCC_DYNAMIC_NO_PIC = NO;
				GCC_NO_COMMON_BLOCKS = YES;
				GCC_OPTIMIZATION_LEVEL = 0;
				GCC_PREPROCESSOR_DEFINITIONS = (
					"DEBUG=1",
					"$(inherited)",
				);
				GCC_WARN_64_TO_32_BIT_CONVERSION = YES;
				GCC_WARN_ABOUT_RETURN_TYPE = YES_ERROR;
				GCC_WARN_UNDECLARED_SELECTOR = YES;
				GCC_WARN_UNINITIALIZED_AUTOS = YES_AGGRESSIVE;
				GCC_WARN_UNUSED_FUNCTION = YES;
				GCC_WARN_UNUSED_VARIABLE = YES;
				IPHONEOS_DEPLOYMENT_TARGET = 10.3;
				MTL_ENABLE_DEBUG_INFO = YES;
				ONLY_ACTIVE_ARCH = YES;
				SDKROOT = iphoneos;
				SWIFT_ACTIVE_COMPILATION_CONDITIONS = DEBUG;
				SWIFT_OPTIMIZATION_LEVEL = "-Onone";
			};
			name = Debug;
		};
		DA2F87F21F6637EA00DF96BE /* Release */ = {
			isa = XCBuildConfiguration;
			buildSettings = {
				ALWAYS_SEARCH_USER_PATHS = NO;
				CLANG_ANALYZER_NONNULL = YES;
				CLANG_ANALYZER_NUMBER_OBJECT_CONVERSION = YES_AGGRESSIVE;
				CLANG_CXX_LANGUAGE_STANDARD = "gnu++0x";
				CLANG_CXX_LIBRARY = "libc++";
				CLANG_ENABLE_MODULES = YES;
				CLANG_ENABLE_OBJC_ARC = YES;
				CLANG_WARN_BOOL_CONVERSION = YES;
				CLANG_WARN_CONSTANT_CONVERSION = YES;
				CLANG_WARN_DIRECT_OBJC_ISA_USAGE = YES_ERROR;
				CLANG_WARN_DOCUMENTATION_COMMENTS = YES;
				CLANG_WARN_EMPTY_BODY = YES;
				CLANG_WARN_ENUM_CONVERSION = YES;
				CLANG_WARN_INFINITE_RECURSION = YES;
				CLANG_WARN_INT_CONVERSION = YES;
				CLANG_WARN_OBJC_ROOT_CLASS = YES_ERROR;
				CLANG_WARN_SUSPICIOUS_MOVE = YES;
				CLANG_WARN_UNREACHABLE_CODE = YES;
				CLANG_WARN__DUPLICATE_METHOD_MATCH = YES;
				"CODE_SIGN_IDENTITY[sdk=iphoneos*]" = "iPhone Developer";
				COPY_PHASE_STRIP = NO;
				DEBUG_INFORMATION_FORMAT = "dwarf-with-dsym";
				ENABLE_NS_ASSERTIONS = NO;
				ENABLE_STRICT_OBJC_MSGSEND = YES;
				GCC_C_LANGUAGE_STANDARD = gnu99;
				GCC_NO_COMMON_BLOCKS = YES;
				GCC_WARN_64_TO_32_BIT_CONVERSION = YES;
				GCC_WARN_ABOUT_RETURN_TYPE = YES_ERROR;
				GCC_WARN_UNDECLARED_SELECTOR = YES;
				GCC_WARN_UNINITIALIZED_AUTOS = YES_AGGRESSIVE;
				GCC_WARN_UNUSED_FUNCTION = YES;
				GCC_WARN_UNUSED_VARIABLE = YES;
				IPHONEOS_DEPLOYMENT_TARGET = 10.3;
				MTL_ENABLE_DEBUG_INFO = NO;
				SDKROOT = iphoneos;
				SWIFT_OPTIMIZATION_LEVEL = "-Owholemodule";
				VALIDATE_PRODUCT = YES;
			};
			name = Release;
		};
		DA2F87F41F6637EA00DF96BE /* Debug */ = {
			isa = XCBuildConfiguration;
			buildSettings = {
				ASSETCATALOG_COMPILER_APPICON_NAME = AppIcon;
				DEVELOPMENT_TEAM = MDRU2J8RZG;
				INFOPLIST_FILE = UIDynamicsDemoSwift/Info.plist;
				LD_RUNPATH_SEARCH_PATHS = "$(inherited) @executable_path/Frameworks";
				PRODUCT_BUNDLE_IDENTIFIER = com.simon.UIDynamicsDemoSwift;
				PRODUCT_NAME = "$(TARGET_NAME)";
				SWIFT_VERSION = 3.0;
			};
			name = Debug;
		};
		DA2F87F51F6637EA00DF96BE /* Release */ = {
			isa = XCBuildConfiguration;
			buildSettings = {
				ASSETCATALOG_COMPILER_APPICON_NAME = AppIcon;
				DEVELOPMENT_TEAM = MDRU2J8RZG;
				INFOPLIST_FILE = UIDynamicsDemoSwift/Info.plist;
				LD_RUNPATH_SEARCH_PATHS = "$(inherited) @executable_path/Frameworks";
				PRODUCT_BUNDLE_IDENTIFIER = com.simon.UIDynamicsDemoSwift;
				PRODUCT_NAME = "$(TARGET_NAME)";
				SWIFT_VERSION = 3.0;
			};
			name = Release;
		};
		DA2F87F71F6637EA00DF96BE /* Debug */ = {
			isa = XCBuildConfiguration;
			buildSettings = {
				ALWAYS_EMBED_SWIFT_STANDARD_LIBRARIES = YES;
				BUNDLE_LOADER = "$(TEST_HOST)";
				DEVELOPMENT_TEAM = MDRU2J8RZG;
				INFOPLIST_FILE = UIDynamicsDemoSwiftTests/Info.plist;
				LD_RUNPATH_SEARCH_PATHS = "$(inherited) @executable_path/Frameworks @loader_path/Frameworks";
				PRODUCT_BUNDLE_IDENTIFIER = com.simon.UIDynamicsDemoSwiftTests;
				PRODUCT_NAME = "$(TARGET_NAME)";
				SWIFT_VERSION = 3.0;
				TEST_HOST = "$(BUILT_PRODUCTS_DIR)/UIDynamicsDemoSwift.app/UIDynamicsDemoSwift";
			};
			name = Debug;
		};
		DA2F87F81F6637EA00DF96BE /* Release */ = {
			isa = XCBuildConfiguration;
			buildSettings = {
				ALWAYS_EMBED_SWIFT_STANDARD_LIBRARIES = YES;
				BUNDLE_LOADER = "$(TEST_HOST)";
				DEVELOPMENT_TEAM = MDRU2J8RZG;
				INFOPLIST_FILE = UIDynamicsDemoSwiftTests/Info.plist;
				LD_RUNPATH_SEARCH_PATHS = "$(inherited) @executable_path/Frameworks @loader_path/Frameworks";
				PRODUCT_BUNDLE_IDENTIFIER = com.simon.UIDynamicsDemoSwiftTests;
				PRODUCT_NAME = "$(TARGET_NAME)";
				SWIFT_VERSION = 3.0;
				TEST_HOST = "$(BUILT_PRODUCTS_DIR)/UIDynamicsDemoSwift.app/UIDynamicsDemoSwift";
			};
			name = Release;
		};
		DA2F87FA1F6637EA00DF96BE /* Debug */ = {
			isa = XCBuildConfiguration;
			buildSettings = {
				ALWAYS_EMBED_SWIFT_STANDARD_LIBRARIES = YES;
				DEVELOPMENT_TEAM = MDRU2J8RZG;
				INFOPLIST_FILE = UIDynamicsDemoSwiftUITests/Info.plist;
				LD_RUNPATH_SEARCH_PATHS = "$(inherited) @executable_path/Frameworks @loader_path/Frameworks";
				PRODUCT_BUNDLE_IDENTIFIER = com.simon.UIDynamicsDemoSwiftUITests;
				PRODUCT_NAME = "$(TARGET_NAME)";
				SWIFT_VERSION = 3.0;
				TEST_TARGET_NAME = UIDynamicsDemoSwift;
			};
			name = Debug;
		};
		DA2F87FB1F6637EA00DF96BE /* Release */ = {
			isa = XCBuildConfiguration;
			buildSettings = {
				ALWAYS_EMBED_SWIFT_STANDARD_LIBRARIES = YES;
				DEVELOPMENT_TEAM = MDRU2J8RZG;
				INFOPLIST_FILE = UIDynamicsDemoSwiftUITests/Info.plist;
				LD_RUNPATH_SEARCH_PATHS = "$(inherited) @executable_path/Frameworks @loader_path/Frameworks";
				PRODUCT_BUNDLE_IDENTIFIER = com.simon.UIDynamicsDemoSwiftUITests;
				PRODUCT_NAME = "$(TARGET_NAME)";
				SWIFT_VERSION = 3.0;
				TEST_TARGET_NAME = UIDynamicsDemoSwift;
			};
			name = Release;
		};
/* End XCBuildConfiguration section */

/* Begin XCConfigurationList section */
		DA2F87C61F6637EA00DF96BE /* Build configuration list for PBXProject "UIDynamicsDemoSwift" */ = {
			isa = XCConfigurationList;
			buildConfigurations = (
				DA2F87F11F6637EA00DF96BE /* Debug */,
				DA2F87F21F6637EA00DF96BE /* Release */,
			);
			defaultConfigurationIsVisible = 0;
			defaultConfigurationName = Release;
		};
		DA2F87F31F6637EA00DF96BE /* Build configuration list for PBXNativeTarget "UIDynamicsDemoSwift" */ = {
			isa = XCConfigurationList;
			buildConfigurations = (
				DA2F87F41F6637EA00DF96BE /* Debug */,
				DA2F87F51F6637EA00DF96BE /* Release */,
			);
			defaultConfigurationIsVisible = 0;
		};
		DA2F87F61F6637EA00DF96BE /* Build configuration list for PBXNativeTarget "UIDynamicsDemoSwiftTests" */ = {
			isa = XCConfigurationList;
			buildConfigurations = (
				DA2F87F71F6637EA00DF96BE /* Debug */,
				DA2F87F81F6637EA00DF96BE /* Release */,
			);
			defaultConfigurationIsVisible = 0;
		};
		DA2F87F91F6637EA00DF96BE /* Build configuration list for PBXNativeTarget "UIDynamicsDemoSwiftUITests" */ = {
			isa = XCConfigurationList;
			buildConfigurations = (
				DA2F87FA1F6637EA00DF96BE /* Debug */,
				DA2F87FB1F6637EA00DF96BE /* Release */,
			);
			defaultConfigurationIsVisible = 0;
		};
/* End XCConfigurationList section */
	};
	rootObject = DA2F87C31F6637EA00DF96BE /* Project object */;
}
